// !$*UTF8*$!
{
	archiveVersion = 1;
	classes = {
	};
	objectVersion = 55;
	objects = {

/* Begin PBXBuildFile section */
		606FFAB52837DABC007B2099 /* AppDelegate.swift in Sources */ = {isa = PBXBuildFile; fileRef = 606FFAB42837DABC007B2099 /* AppDelegate.swift */; };
		606FFAB72837DABC007B2099 /* SceneDelegate.swift in Sources */ = {isa = PBXBuildFile; fileRef = 606FFAB62837DABC007B2099 /* SceneDelegate.swift */; };
		606FFAB92837DABC007B2099 /* ViewController.swift in Sources */ = {isa = PBXBuildFile; fileRef = 606FFAB82837DABC007B2099 /* ViewController.swift */; };
		606FFABC2837DABC007B2099 /* Main.storyboard in Resources */ = {isa = PBXBuildFile; fileRef = 606FFABA2837DABC007B2099 /* Main.storyboard */; };
		606FFABE2837DABE007B2099 /* Assets.xcassets in Resources */ = {isa = PBXBuildFile; fileRef = 606FFABD2837DABE007B2099 /* Assets.xcassets */; };
		606FFAC12837DABE007B2099 /* LaunchScreen.storyboard in Resources */ = {isa = PBXBuildFile; fileRef = 606FFABF2837DABE007B2099 /* LaunchScreen.storyboard */; };
		6083F4122837E4F500E13DE7 /* UITableView+Extension.swift in Sources */ = {isa = PBXBuildFile; fileRef = 6083F4112837E4F500E13DE7 /* UITableView+Extension.swift */; };
/* End PBXBuildFile section */

/* Begin PBXFileReference section */
		606FFAB12837DABC007B2099 /* Diffable Data Source - Countdown App.app */ = {isa = PBXFileReference; explicitFileType = wrapper.application; includeInIndex = 0; path = "Diffable Data Source - Countdown App.app"; sourceTree = BUILT_PRODUCTS_DIR; };
		606FFAB42837DABC007B2099 /* AppDelegate.swift */ = {isa = PBXFileReference; lastKnownFileType = sourcecode.swift; path = AppDelegate.swift; sourceTree = "<group>"; };
		606FFAB62837DABC007B2099 /* SceneDelegate.swift */ = {isa = PBXFileReference; lastKnownFileType = sourcecode.swift; path = SceneDelegate.swift; sourceTree = "<group>"; };
		606FFAB82837DABC007B2099 /* ViewController.swift */ = {isa = PBXFileReference; lastKnownFileType = sourcecode.swift; path = ViewController.swift; sourceTree = "<group>"; };
		606FFABB2837DABC007B2099 /* Base */ = {isa = PBXFileReference; lastKnownFileType = file.storyboard; name = Base; path = Base.lproj/Main.storyboard; sourceTree = "<group>"; };
		606FFABD2837DABE007B2099 /* Assets.xcassets */ = {isa = PBXFileReference; lastKnownFileType = folder.assetcatalog; path = Assets.xcassets; sourceTree = "<group>"; };
		606FFAC02837DABE007B2099 /* Base */ = {isa = PBXFileReference; lastKnownFileType = file.storyboard; name = Base; path = Base.lproj/LaunchScreen.storyboard; sourceTree = "<group>"; };
		606FFAC22837DABE007B2099 /* Info.plist */ = {isa = PBXFileReference; lastKnownFileType = text.plist.xml; path = Info.plist; sourceTree = "<group>"; };
		6083F4112837E4F500E13DE7 /* UITableView+Extension.swift */ = {isa = PBXFileReference; lastKnownFileType = sourcecode.swift; path = "UITableView+Extension.swift"; sourceTree = "<group>"; };
/* End PBXFileReference section */

/* Begin PBXFrameworksBuildPhase section */
		606FFAAE2837DABC007B2099 /* Frameworks */ = {
			isa = PBXFrameworksBuildPhase;
			buildActionMask = 2147483647;
			files = (
			);
			runOnlyForDeploymentPostprocessing = 0;
		};
/* End PBXFrameworksBuildPhase section */

/* Begin PBXGroup section */
		606FFAA82837DABC007B2099 = {
			isa = PBXGroup;
			children = (
				606FFAB32837DABC007B2099 /* Diffable Data Source - Countdown App */,
				606FFAB22837DABC007B2099 /* Products */,
			);
			sourceTree = "<group>";
		};
		606FFAB22837DABC007B2099 /* Products */ = {
			isa = PBXGroup;
			children = (
				606FFAB12837DABC007B2099 /* Diffable Data Source - Countdown App.app */,
			);
			name = Products;
			sourceTree = "<group>";
		};
		606FFAB32837DABC007B2099 /* Diffable Data Source - Countdown App */ = {
			isa = PBXGroup;
			children = (
				6083F4102837E4C400E13DE7 /* Extension */,
				606FFAB42837DABC007B2099 /* AppDelegate.swift */,
				606FFAB62837DABC007B2099 /* SceneDelegate.swift */,
				606FFAB82837DABC007B2099 /* ViewController.swift */,
				606FFABA2837DABC007B2099 /* Main.storyboard */,
				606FFABD2837DABE007B2099 /* Assets.xcassets */,
				606FFABF2837DABE007B2099 /* LaunchScreen.storyboard */,
				606FFAC22837DABE007B2099 /* Info.plist */,
			);
			path = "Diffable Data Source - Countdown App";
			sourceTree = "<group>";
		};
		6083F4102837E4C400E13DE7 /* Extension */ = {
			isa = PBXGroup;
			children = (
				6083F4112837E4F500E13DE7 /* UITableView+Extension.swift */,
			);
			path = Extension;
			sourceTree = "<group>";
		};
/* End PBXGroup section */

/* Begin PBXNativeTarget section */
		606FFAB02837DABC007B2099 /* Diffable Data Source - Countdown App */ = {
			isa = PBXNativeTarget;
			buildConfigurationList = 606FFAC52837DABE007B2099 /* Build configuration list for PBXNativeTarget "Diffable Data Source - Countdown App" */;
			buildPhases = (
				606FFAAD2837DABC007B2099 /* Sources */,
				606FFAAE2837DABC007B2099 /* Frameworks */,
				606FFAAF2837DABC007B2099 /* Resources */,
			);
			buildRules = (
			);
			dependencies = (
			);
			name = "Diffable Data Source - Countdown App";
			productName = "Diffable Data Source - Countdown App";
			productReference = 606FFAB12837DABC007B2099 /* Diffable Data Source - Countdown App.app */;
			productType = "com.apple.product-type.application";
		};
/* End PBXNativeTarget section */

/* Begin PBXProject section */
		606FFAA92837DABC007B2099 /* Project object */ = {
			isa = PBXProject;
			attributes = {
				BuildIndependentTargetsInParallel = 1;
				LastSwiftUpdateCheck = 1330;
				LastUpgradeCheck = 1330;
				TargetAttributes = {
					606FFAB02837DABC007B2099 = {
						CreatedOnToolsVersion = 13.3.1;
					};
				};
			};
			buildConfigurationList = 606FFAAC2837DABC007B2099 /* Build configuration list for PBXProject "Diffable Data Source - Countdown App" */;
			compatibilityVersion = "Xcode 13.0";
			developmentRegion = en;
			hasScannedForEncodings = 0;
			knownRegions = (
				en,
				Base,
			);
			mainGroup = 606FFAA82837DABC007B2099;
			productRefGroup = 606FFAB22837DABC007B2099 /* Products */;
			projectDirPath = "";
			projectRoot = "";
			targets = (
				606FFAB02837DABC007B2099 /* Diffable Data Source - Countdown App */,
			);
		};
/* End PBXProject section */

/* Begin PBXResourcesBuildPhase section */
		606FFAAF2837DABC007B2099 /* Resources */ = {
			isa = PBXResourcesBuildPhase;
			buildActionMask = 2147483647;
			files = (
				606FFAC12837DABE007B2099 /* LaunchScreen.storyboard in Resources */,
				606FFABE2837DABE007B2099 /* Assets.xcassets in Resources */,
				606FFABC2837DABC007B2099 /* Main.storyboard in Resources */,
			);
			runOnlyForDeploymentPostprocessing = 0;
		};
/* End PBXResourcesBuildPhase section */

/* Begin PBXSourcesBuildPhase section */
		606FFAAD2837DABC007B2099 /* Sources */ = {
			isa = PBXSourcesBuildPhase;
			buildActionMask = 2147483647;
			files = (
				606FFAB92837DABC007B2099 /* ViewController.swift in Sources */,
				606FFAB52837DABC007B2099 /* AppDelegate.swift in Sources */,
				606FFAB72837DABC007B2099 /* SceneDelegate.swift in Sources */,
				6083F4122837E4F500E13DE7 /* UITableView+Extension.swift in Sources */,
			);
			runOnlyForDeploymentPostprocessing = 0;
		};
/* End PBXSourcesBuildPhase section */

/* Begin PBXVariantGroup section */
		606FFABA2837DABC007B2099 /* Main.storyboard */ = {
			isa = PBXVariantGroup;
			children = (
				606FFABB2837DABC007B2099 /* Base */,
			);
			name = Main.storyboard;
			sourceTree = "<group>";
		};
		606FFABF2837DABE007B2099 /* LaunchScreen.storyboard */ = {
			isa = PBXVariantGroup;
			children = (
				606FFAC02837DABE007B2099 /* Base */,
			);
			name = LaunchScreen.storyboard;
			sourceTree = "<group>";
		};
/* End PBXVariantGroup section */

/* Begin XCBuildConfiguration section */
		606FFAC32837DABE007B2099 /* Debug */ = {
			isa = XCBuildConfiguration;
			buildSettings = {
				ALWAYS_SEARCH_USER_PATHS = NO;
				CLANG_ANALYZER_NONNULL = YES;
				CLANG_ANALYZER_NUMBER_OBJECT_CONVERSION = YES_AGGRESSIVE;
				CLANG_CXX_LANGUAGE_STANDARD = "gnu++17";
				CLANG_ENABLE_MODULES = YES;
				CLANG_ENABLE_OBJC_ARC = YES;
				CLANG_ENABLE_OBJC_WEAK = YES;
				CLANG_WARN_BLOCK_CAPTURE_AUTORELEASING = YES;
				CLANG_WARN_BOOL_CONVERSION = YES;
				CLANG_WARN_COMMA = YES;
				CLANG_WARN_CONSTANT_CONVERSION = YES;
				CLANG_WARN_DEPRECATED_OBJC_IMPLEMENTATIONS = YES;
				CLANG_WARN_DIRECT_OBJC_ISA_USAGE = YES_ERROR;
				CLANG_WARN_DOCUMENTATION_COMMENTS = YES;
				CLANG_WARN_EMPTY_BODY = YES;
				CLANG_WARN_ENUM_CONVERSION = YES;
				CLANG_WARN_INFINITE_RECURSION = YES;
				CLANG_WARN_INT_CONVERSION = YES;
				CLANG_WARN_NON_LITERAL_NULL_CONVERSION = YES;
				CLANG_WARN_OBJC_IMPLICIT_RETAIN_SELF = YES;
				CLANG_WARN_OBJC_LITERAL_CONVERSION = YES;
				CLANG_WARN_OBJC_ROOT_CLASS = YES_ERROR;
				CLANG_WARN_QUOTED_INCLUDE_IN_FRAMEWORK_HEADER = YES;
				CLANG_WARN_RANGE_LOOP_ANALYSIS = YES;
				CLANG_WARN_STRICT_PROTOTYPES = YES;
				CLANG_WARN_SUSPICIOUS_MOVE = YES;
				CLANG_WARN_UNGUARDED_AVAILABILITY = YES_AGGRESSIVE;
				CLANG_WARN_UNREACHABLE_CODE = YES;
				CLANG_WARN__DUPLICATE_METHOD_MATCH = YES;
				COPY_PHASE_STRIP = NO;
				DEBUG_INFORMATION_FORMAT = dwarf;
				ENABLE_STRICT_OBJC_MSGSEND = YES;
				ENABLE_TESTABILITY = YES;
				GCC_C_LANGUAGE_STANDARD = gnu11;
				GCC_DYNAMIC_NO_PIC = NO;
				GCC_NO_COMMON_BLOCKS = YES;
				GCC_OPTIMIZATION_LEVEL = 0;
				GCC_PREPROCESSOR_DEFINITIONS = (
					"DEBUG=1",
					"$(inherited)",
				);
				GCC_WARN_64_TO_32_BIT_CONVERSION = YES;
				GCC_WARN_ABOUT_RETURN_TYPE = YES_ERROR;
				GCC_WARN_UNDECLARED_SELECTOR = YES;
				GCC_WARN_UNINITIALIZED_AUTOS = YES_AGGRESSIVE;
				GCC_WARN_UNUSED_FUNCTION = YES;
				GCC_WARN_UNUSED_VARIABLE = YES;
				IPHONEOS_DEPLOYMENT_TARGET = 15.4;
				MTL_ENABLE_DEBUG_INFO = INCLUDE_SOURCE;
				MTL_FAST_MATH = YES;
				ONLY_ACTIVE_ARCH = YES;
				SDKROOT = iphoneos;
				SWIFT_ACTIVE_COMPILATION_CONDITIONS = DEBUG;
				SWIFT_OPTIMIZATION_LEVEL = "-Onone";
			};
			name = Debug;
		};
		606FFAC42837DABE007B2099 /* Release */ = {
			isa = XCBuildConfiguration;
			buildSettings = {
				ALWAYS_SEARCH_USER_PATHS = NO;
				CLANG_ANALYZER_NONNULL = YES;
				CLANG_ANALYZER_NUMBER_OBJECT_CONVERSION = YES_AGGRESSIVE;
				CLANG_CXX_LANGUAGE_STANDARD = "gnu++17";
				CLANG_ENABLE_MODULES = YES;
				CLANG_ENABLE_OBJC_ARC = YES;
				CLANG_ENABLE_OBJC_WEAK = YES;
				CLANG_WARN_BLOCK_CAPTURE_AUTORELEASING = YES;
				CLANG_WARN_BOOL_CONVERSION = YES;
				CLANG_WARN_COMMA = YES;
				CLANG_WARN_CONSTANT_CONVERSION = YES;
				CLANG_WARN_DEPRECATED_OBJC_IMPLEMENTATIONS = YES;
				CLANG_WARN_DIRECT_OBJC_ISA_USAGE = YES_ERROR;
				CLANG_WARN_DOCUMENTATION_COMMENTS = YES;
				CLANG_WARN_EMPTY_BODY = YES;
				CLANG_WARN_ENUM_CONVERSION = YES;
				CLANG_WARN_INFINITE_RECURSION = YES;
				CLANG_WARN_INT_CONVERSION = YES;
				CLANG_WARN_NON_LITERAL_NULL_CONVERSION = YES;
				CLANG_WARN_OBJC_IMPLICIT_RETAIN_SELF = YES;
				CLANG_WARN_OBJC_LITERAL_CONVERSION = YES;
				CLANG_WARN_OBJC_ROOT_CLASS = YES_ERROR;
				CLANG_WARN_QUOTED_INCLUDE_IN_FRAMEWORK_HEADER = YES;
				CLANG_WARN_RANGE_LOOP_ANALYSIS = YES;
				CLANG_WARN_STRICT_PROTOTYPES = YES;
				CLANG_WARN_SUSPICIOUS_MOVE = YES;
				CLANG_WARN_UNGUARDED_AVAILABILITY = YES_AGGRESSIVE;
				CLANG_WARN_UNREACHABLE_CODE = YES;
				CLANG_WARN__DUPLICATE_METHOD_MATCH = YES;
				COPY_PHASE_STRIP = NO;
				DEBUG_INFORMATION_FORMAT = "dwarf-with-dsym";
				ENABLE_NS_ASSERTIONS = NO;
				ENABLE_STRICT_OBJC_MSGSEND = YES;
				GCC_C_LANGUAGE_STANDARD = gnu11;
				GCC_NO_COMMON_BLOCKS = YES;
				GCC_WARN_64_TO_32_BIT_CONVERSION = YES;
				GCC_WARN_ABOUT_RETURN_TYPE = YES_ERROR;
				GCC_WARN_UNDECLARED_SELECTOR = YES;
				GCC_WARN_UNINITIALIZED_AUTOS = YES_AGGRESSIVE;
				GCC_WARN_UNUSED_FUNCTION = YES;
				GCC_WARN_UNUSED_VARIABLE = YES;
				IPHONEOS_DEPLOYMENT_TARGET = 15.4;
				MTL_ENABLE_DEBUG_INFO = NO;
				MTL_FAST_MATH = YES;
				SDKROOT = iphoneos;
				SWIFT_COMPILATION_MODE = wholemodule;
				SWIFT_OPTIMIZATION_LEVEL = "-O";
				VALIDATE_PRODUCT = YES;
			};
			name = Release;
		};
		606FFAC62837DABE007B2099 /* Debug */ = {
			isa = XCBuildConfiguration;
			buildSettings = {
				ASSETCATALOG_COMPILER_APPICON_NAME = AppIcon;
				ASSETCATALOG_COMPILER_GLOBAL_ACCENT_COLOR_NAME = AccentColor;
				CODE_SIGN_STYLE = Automatic;
				CURRENT_PROJECT_VERSION = 1;
				GENERATE_INFOPLIST_FILE = YES;
				INFOPLIST_FILE = "Diffable Data Source - Countdown App/Info.plist";
				INFOPLIST_KEY_UIApplicationSupportsIndirectInputEvents = YES;
				INFOPLIST_KEY_UILaunchStoryboardName = LaunchScreen;
				INFOPLIST_KEY_UIMainStoryboardFile = Main;
				INFOPLIST_KEY_UISupportedInterfaceOrientations_iPad = "UIInterfaceOrientationPortrait UIInterfaceOrientationPortraitUpsideDown UIInterfaceOrientationLandscapeLeft UIInterfaceOrientationLandscapeRight";
				INFOPLIST_KEY_UISupportedInterfaceOrientations_iPhone = "UIInterfaceOrientationPortrait UIInterfaceOrientationLandscapeLeft UIInterfaceOrientationLandscapeRight";
				LD_RUNPATH_SEARCH_PATHS = (
					"$(inherited)",
					"@executable_path/Frameworks",
				);
				MARKETING_VERSION = 1.0;
				PRODUCT_BUNDLE_IDENTIFIER = "co.levchenko.Diffable-Data-Source---Countdown-App";
				PRODUCT_NAME = "$(TARGET_NAME)";
				SWIFT_EMIT_LOC_STRINGS = YES;
				SWIFT_VERSION = 5.0;
				TARGETED_DEVICE_FAMILY = "1,2";
			};
			name = Debug;
		};
		606FFAC72837DABE007B2099 /* Release */ = {
			isa = XCBuildConfiguration;
			buildSettings = {
				ASSETCATALOG_COMPILER_APPICON_NAME = AppIcon;
				ASSETCATALOG_COMPILER_GLOBAL_ACCENT_COLOR_NAME = AccentColor;
				CODE_SIGN_STYLE = Automatic;
				CURRENT_PROJECT_VERSION = 1;
				GENERATE_INFOPLIST_FILE = YES;
				INFOPLIST_FILE = "Diffable Data Source - Countdown App/Info.plist";
				INFOPLIST_KEY_UIApplicationSupportsIndirectInputEvents = YES;
				INFOPLIST_KEY_UILaunchStoryboardName = LaunchScreen;
				INFOPLIST_KEY_UIMainStoryboardFile = Main;
				INFOPLIST_KEY_UISupportedInterfaceOrientations_iPad = "UIInterfaceOrientationPortrait UIInterfaceOrientationPortraitUpsideDown UIInterfaceOrientationLandscapeLeft UIInterfaceOrientationLandscapeRight";
				INFOPLIST_KEY_UISupportedInterfaceOrientations_iPhone = "UIInterfaceOrientationPortrait UIInterfaceOrientationLandscapeLeft UIInterfaceOrientationLandscapeRight";
				LD_RUNPATH_SEARCH_PATHS = (
					"$(inherited)",
					"@executable_path/Frameworks",
				);
				MARKETING_VERSION = 1.0;
				PRODUCT_BUNDLE_IDENTIFIER = "co.levchenko.Diffable-Data-Source---Countdown-App";
				PRODUCT_NAME = "$(TARGET_NAME)";
				SWIFT_EMIT_LOC_STRINGS = YES;
				SWIFT_VERSION = 5.0;
				TARGETED_DEVICE_FAMILY = "1,2";
			};
			name = Release;
		};
/* End XCBuildConfiguration section */

/* Begin XCConfigurationList section */
		606FFAAC2837DABC007B2099 /* Build configuration list for PBXProject "Diffable Data Source - Countdown App" */ = {
			isa = XCConfigurationList;
			buildConfigurations = (
				606FFAC32837DABE007B2099 /* Debug */,
				606FFAC42837DABE007B2099 /* Release */,
			);
			defaultConfigurationIsVisible = 0;
			defaultConfigurationName = Release;
		};
		606FFAC52837DABE007B2099 /* Build configuration list for PBXNativeTarget "Diffable Data Source - Countdown App" */ = {
			isa = XCConfigurationList;
			buildConfigurations = (
				606FFAC62837DABE007B2099 /* Debug */,
				606FFAC72837DABE007B2099 /* Release */,
			);
			defaultConfigurationIsVisible = 0;
			defaultConfigurationName = Release;
		};
/* End XCConfigurationList section */
	};
	rootObject = 606FFAA92837DABC007B2099 /* Project object */;
}
